github.com/go-logr/logr v1.2.0 h1:QK40JKJyMdUDz+h+xvCsru/bJhvG0UxvePV0ufL/AcE=
github.com/go-logr/logr v1.2.0/go.mod h1:jdQByPbusPIv2/zmleS9BjJVeZ6kBagPoEUsqbVz/1A=
github.com/golang-jwt/jwt/v4 v4.5.0 h1:7cYmW1XlMY7h7ii7UhUyChSgS5wUJEnm9uZVTGqOWzg=
github.com/golang-jwt/jwt/v4 v4.5.0/go.mod h1:m21LjoU+eqJr34lmDMbreY2eSTRJ1cv77w39/MY0Ch0=
k8s.io/klog/v2 v2.100.1 h1:7WCHKK6K8fNhTqfBhISHQ97KrnJNFZMcQvKp7gP/tmg=
k8s.io/klog/v2 v2.100.1/go.mod h1:y1WjHnz7Dj687irZUWR/WLkLc5N1YHtjLdmgWjndZn0=
